
Microsoft Visual Studio Solution File, Format Version 12.00
# Visual Studio 15
Project("{FAE04EC0-301F-11D3-BF4B-00C04F79EFBC}") = "HorseParking.Core", "HorseParking.Core.csproj", "{62134215-4DC1-4ADB-FEE1-C290B5A0799D}"
EndProject
Project("{FAE04EC0-301F-11D3-BF4B-00C04F79EFBC}") = "HorseParking.Infrastructure", "HorseParking.Infrastructure.csproj", "{1A2C2227-CB41-0260-694C-4B899D5BC8FA}"
EndProject
Project("{FAE04EC0-301F-11D3-BF4B-00C04F79EFBC}") = "HorseParking.Presentation", "HorseParking.Presentation.csproj", "{CDD497F2-A5BB-0551-DFD0-1CFC50022AF6}"
EndProject
Project("{FAE04EC0-301F-11D3-BF4B-00C04F79EFBC}") = "HorseParking.Presentation.Editor", "HorseParking.Presentation.Editor.csproj", "{B6D75DD3-ABD5-60A3-7D4E-9F1E24836552}"
EndProject
Project("{FAE04EC0-301F-11D3-BF4B-00C04F79EFBC}") = "HorseParking.Core.Tests", "HorseParking.Core.Tests.csproj", "{1D43626E-7B07-8845-585D-D9AC10244361}"
EndProject
Project("{FAE04EC0-301F-11D3-BF4B-00C04F79EFBC}") = "HorseParking.Application", "HorseParking.Application.csproj", "{48A25C07-5D10-1C91-8701-F4DF292EC0DA}"
EndProject
Global
	GlobalSection(SolutionConfigurationPlatforms) = preSolution
		Debug|Any CPU = Debug|Any CPU
		Release|Any CPU = Release|Any CPU
	EndGlobalSection
	GlobalSection(ProjectConfigurationPlatforms) = postSolution
		{62134215-4DC1-4ADB-FEE1-C290B5A0799D}.Debug|Any CPU.ActiveCfg = Debug|Any CPU
		{62134215-4DC1-4ADB-FEE1-C290B5A0799D}.Debug|Any CPU.Build.0 = Debug|Any CPU
		{62134215-4DC1-4ADB-FEE1-C290B5A0799D}.Release|Any CPU.ActiveCfg = Release|Any CPU
		{62134215-4DC1-4ADB-FEE1-C290B5A0799D}.Release|Any CPU.Build.0 = Release|Any CPU
		{1A2C2227-CB41-0260-694C-4B899D5BC8FA}.Debug|Any CPU.ActiveCfg = Debug|Any CPU
		{1A2C2227-CB41-0260-694C-4B899D5BC8FA}.Debug|Any CPU.Build.0 = Debug|Any CPU
		{1A2C2227-CB41-0260-694C-4B899D5BC8FA}.Release|Any CPU.ActiveCfg = Release|Any CPU
		{1A2C2227-CB41-0260-694C-4B899D5BC8FA}.Release|Any CPU.Build.0 = Release|Any CPU
		{CDD497F2-A5BB-0551-DFD0-1CFC50022AF6}.Debug|Any CPU.ActiveCfg = Debug|Any CPU
		{CDD497F2-A5BB-0551-DFD0-1CFC50022AF6}.Debug|Any CPU.Build.0 = Debug|Any CPU
		{CDD497F2-A5BB-0551-DFD0-1CFC50022AF6}.Release|Any CPU.ActiveCfg = Release|Any CPU
		{CDD497F2-A5BB-0551-DFD0-1CFC50022AF6}.Release|Any CPU.Build.0 = Release|Any CPU
		{B6D75DD3-ABD5-60A3-7D4E-9F1E24836552}.Debug|Any CPU.ActiveCfg = Debug|Any CPU
		{B6D75DD3-ABD5-60A3-7D4E-9F1E24836552}.Debug|Any CPU.Build.0 = Debug|Any CPU
		{B6D75DD3-ABD5-60A3-7D4E-9F1E24836552}.Release|Any CPU.ActiveCfg = Release|Any CPU
		{B6D75DD3-ABD5-60A3-7D4E-9F1E24836552}.Release|Any CPU.Build.0 = Release|Any CPU
		{1D43626E-7B07-8845-585D-D9AC10244361}.Debug|Any CPU.ActiveCfg = Debug|Any CPU
		{1D43626E-7B07-8845-585D-D9AC10244361}.Debug|Any CPU.Build.0 = Debug|Any CPU
		{1D43626E-7B07-8845-585D-D9AC10244361}.Release|Any CPU.ActiveCfg = Release|Any CPU
		{1D43626E-7B07-8845-585D-D9AC10244361}.Release|Any CPU.Build.0 = Release|Any CPU
		{48A25C07-5D10-1C91-8701-F4DF292EC0DA}.Debug|Any CPU.ActiveCfg = Debug|Any CPU
		{48A25C07-5D10-1C91-8701-F4DF292EC0DA}.Debug|Any CPU.Build.0 = Debug|Any CPU
		{48A25C07-5D10-1C91-8701-F4DF292EC0DA}.Release|Any CPU.ActiveCfg = Release|Any CPU
		{48A25C07-5D10-1C91-8701-F4DF292EC0DA}.Release|Any CPU.Build.0 = Release|Any CPU
	EndGlobalSection
	GlobalSection(SolutionProperties) = preSolution
		HideSolutionNode = FALSE
	EndGlobalSection
EndGlobal
